
Microsoft Visual Studio Solution File, Format Version 12.00
# Visual Studio Version 16
VisualStudioVersion = 16.0.28803.202
MinimumVisualStudioVersion = 10.0.40219.1
Project("{FAE04EC0-301F-11D3-BF4B-00C04F79EFBC}") = "DeploymentScriptGenerator", "DeploymentScriptGenerator\DeploymentScriptGenerator.csproj", "{ECDDE9D8-5C1E-447A-A4BB-94A747A276B2}"
EndProject
Global
	GlobalSection(SolutionConfigurationPlatforms) = preSolution
		Debug|Any CPU = Debug|Any CPU
		Release|Any CPU = Release|Any CPU
	EndGlobalSection
	GlobalSection(ProjectConfigurationPlatforms) = postSolution
		{ECDDE9D8-5C1E-447A-A4BB-94A747A276B2}.Debug|Any CPU.ActiveCfg = Debug|Any CPU
		{ECDDE9D8-5C1E-447A-A4BB-94A747A276B2}.Debug|Any CPU.Build.0 = Debug|Any CPU
		{ECDDE9D8-5C1E-447A-A4BB-94A747A276B2}.Release|Any CPU.ActiveCfg = Release|Any CPU
		{ECDDE9D8-5C1E-447A-A4BB-94A747A276B2}.Release|Any CPU.Build.0 = Release|Any CPU
	EndGlobalSection
	GlobalSection(SolutionProperties) = preSolution
		HideSolutionNode = FALSE
	EndGlobalSection
	GlobalSection(ExtensibilityGlobals) = postSolution
		SolutionGuid = {C60800C7-B8FE-41B7-BB59-166447E18BFC}
	EndGlobalSection
EndGlobal
